// !$*UTF8*$!
{
	archiveVersion = 1;
	classes = {
	};
	objectVersion = 56;
	objects = {

/* Begin PBXBuildFile section */
		3CBC8BDE2BFD08A0000AA72C /* main.swift in Sources */ = {isa = PBXBuildFile; fileRef = 3CBC8BDD2BFD08A0000AA72C /* main.swift */; };
		3CBC8BE52BFD33D4000AA72C /* prorocolQuestion.swift in Sources */ = {isa = PBXBuildFile; fileRef = 3CBC8BE42BFD33D4000AA72C /* prorocolQuestion.swift */; };
		3CBC8BED2BFD3532000AA72C /* Quiz.swift in Sources */ = {isa = PBXBuildFile; fileRef = 3CBC8BEC2BFD3532000AA72C /* Quiz.swift */; };
		3CBC8BEF2BFD3C16000AA72C /* QuizError.swift in Sources */ = {isa = PBXBuildFile; fileRef = 3CBC8BEE2BFD3C16000AA72C /* QuizError.swift */; };
		3CBC8BF32BFD43EA000AA72C /* Questions.swift in Sources */ = {isa = PBXBuildFile; fileRef = 3CBC8BF22BFD43EA000AA72C /* Questions.swift */; };
/* End PBXBuildFile section */

/* Begin PBXCopyFilesBuildPhase section */
		3CBC8BD82BFD08A0000AA72C /* CopyFiles */ = {
			isa = PBXCopyFilesBuildPhase;
			buildActionMask = 2147483647;
			dstPath = /usr/share/man/man1/;
			dstSubfolderSpec = 0;
			files = (
			);
			runOnlyForDeploymentPostprocessing = 1;
		};
/* End PBXCopyFilesBuildPhase section */

/* Begin PBXFileReference section */
		3CBC8BDA2BFD08A0000AA72C /* SheungKit_Citizenship */ = {isa = PBXFileReference; explicitFileType = "compiled.mach-o.executable"; includeInIndex = 0; path = SheungKit_Citizenship; sourceTree = BUILT_PRODUCTS_DIR; };
		3CBC8BDD2BFD08A0000AA72C /* main.swift */ = {isa = PBXFileReference; lastKnownFileType = sourcecode.swift; path = main.swift; sourceTree = "<group>"; };
		3CBC8BE42BFD33D4000AA72C /* prorocolQuestion.swift */ = {isa = PBXFileReference; lastKnownFileType = sourcecode.swift; path = prorocolQuestion.swift; sourceTree = "<group>"; };
		3CBC8BEC2BFD3532000AA72C /* Quiz.swift */ = {isa = PBXFileReference; lastKnownFileType = sourcecode.swift; path = Quiz.swift; sourceTree = "<group>"; };
		3CBC8BEE2BFD3C16000AA72C /* QuizError.swift */ = {isa = PBXFileReference; lastKnownFileType = sourcecode.swift; path = QuizError.swift; sourceTree = "<group>"; };
		3CBC8BF22BFD43EA000AA72C /* Questions.swift */ = {isa = PBXFileReference; lastKnownFileType = sourcecode.swift; path = Questions.swift; sourceTree = "<group>"; };
/* End PBXFileReference section */

/* Begin PBXFrameworksBuildPhase section */
		3CBC8BD72BFD08A0000AA72C /* Frameworks */ = {
			isa = PBXFrameworksBuildPhase;
			buildActionMask = 2147483647;
			files = (
			);
			runOnlyForDeploymentPostprocessing = 0;
		};
/* End PBXFrameworksBuildPhase section */

/* Begin PBXGroup section */
		3CBC8BD12BFD08A0000AA72C = {
			isa = PBXGroup;
			children = (
				3CBC8BDC2BFD08A0000AA72C /* SheungKit_Citizenship */,
				3CBC8BDB2BFD08A0000AA72C /* Products */,
			);
			sourceTree = "<group>";
		};
		3CBC8BDB2BFD08A0000AA72C /* Products */ = {
			isa = PBXGroup;
			children = (
				3CBC8BDA2BFD08A0000AA72C /* SheungKit_Citizenship */,
			);
			name = Products;
			sourceTree = "<group>";
		};
		3CBC8BDC2BFD08A0000AA72C /* SheungKit_Citizenship */ = {
			isa = PBXGroup;
			children = (
				3CBC8BDD2BFD08A0000AA72C /* main.swift */,
				3CBC8BE42BFD33D4000AA72C /* prorocolQuestion.swift */,
				3CBC8BEC2BFD3532000AA72C /* Quiz.swift */,
				3CBC8BEE2BFD3C16000AA72C /* QuizError.swift */,
				3CBC8BF22BFD43EA000AA72C /* Questions.swift */,
			);
			path = SheungKit_Citizenship;
			sourceTree = "<group>";
		};
/* End PBXGroup section */

/* Begin PBXNativeTarget section */
		3CBC8BD92BFD08A0000AA72C /* SheungKit_Citizenship */ = {
			isa = PBXNativeTarget;
			buildConfigurationList = 3CBC8BE12BFD08A0000AA72C /* Build configuration list for PBXNativeTarget "SheungKit_Citizenship" */;
			buildPhases = (
				3CBC8BD62BFD08A0000AA72C /* Sources */,
				3CBC8BD72BFD08A0000AA72C /* Frameworks */,
				3CBC8BD82BFD08A0000AA72C /* CopyFiles */,
			);
			buildRules = (
			);
			dependencies = (
			);
			name = SheungKit_Citizenship;
			productName = SheungKit_Citizenship;
			productReference = 3CBC8BDA2BFD08A0000AA72C /* SheungKit_Citizenship */;
			productType = "com.apple.product-type.tool";
		};
/* End PBXNativeTarget section */

/* Begin PBXProject section */
		3CBC8BD22BFD08A0000AA72C /* Project object */ = {
			isa = PBXProject;
			attributes = {
				BuildIndependentTargetsInParallel = 1;
				LastSwiftUpdateCheck = 1540;
				LastUpgradeCheck = 1540;
				TargetAttributes = {
					3CBC8BD92BFD08A0000AA72C = {
						CreatedOnToolsVersion = 15.4;
					};
				};
			};
			buildConfigurationList = 3CBC8BD52BFD08A0000AA72C /* Build configuration list for PBXProject "SheungKit_Citizenship" */;
			compatibilityVersion = "Xcode 14.0";
			developmentRegion = en;
			hasScannedForEncodings = 0;
			knownRegions = (
				en,
				Base,
			);
			mainGroup = 3CBC8BD12BFD08A0000AA72C;
			productRefGroup = 3CBC8BDB2BFD08A0000AA72C /* Products */;
			projectDirPath = "";
			projectRoot = "";
			targets = (
				3CBC8BD92BFD08A0000AA72C /* SheungKit_Citizenship */,
			);
		};
/* End PBXProject section */

/* Begin PBXSourcesBuildPhase section */
		3CBC8BD62BFD08A0000AA72C /* Sources */ = {
			isa = PBXSourcesBuildPhase;
			buildActionMask = 2147483647;
			files = (
				3CBC8BEF2BFD3C16000AA72C /* QuizError.swift in Sources */,
				3CBC8BED2BFD3532000AA72C /* Quiz.swift in Sources */,
				3CBC8BF32BFD43EA000AA72C /* Questions.swift in Sources */,
				3CBC8BDE2BFD08A0000AA72C /* main.swift in Sources */,
				3CBC8BE52BFD33D4000AA72C /* prorocolQuestion.swift in Sources */,
			);
			runOnlyForDeploymentPostprocessing = 0;
		};
/* End PBXSourcesBuildPhase section */

/* Begin XCBuildConfiguration section */
		3CBC8BDF2BFD08A0000AA72C /* Debug */ = {
			isa = XCBuildConfiguration;
			buildSettings = {
				ALWAYS_SEARCH_USER_PATHS = NO;
				ASSETCATALOG_COMPILER_GENERATE_SWIFT_ASSET_SYMBOL_EXTENSIONS = YES;
				CLANG_ANALYZER_NONNULL = YES;
				CLANG_ANALYZER_NUMBER_OBJECT_CONVERSION = YES_AGGRESSIVE;
				CLANG_CXX_LANGUAGE_STANDARD = "gnu++20";
				CLANG_ENABLE_MODULES = YES;
				CLANG_ENABLE_OBJC_ARC = YES;
				CLANG_ENABLE_OBJC_WEAK = YES;
				CLANG_WARN_BLOCK_CAPTURE_AUTORELEASING = YES;
				CLANG_WARN_BOOL_CONVERSION = YES;
				CLANG_WARN_COMMA = YES;
				CLANG_WARN_CONSTANT_CONVERSION = YES;
				CLANG_WARN_DEPRECATED_OBJC_IMPLEMENTATIONS = YES;
				CLANG_WARN_DIRECT_OBJC_ISA_USAGE = YES_ERROR;
				CLANG_WARN_DOCUMENTATION_COMMENTS = YES;
				CLANG_WARN_EMPTY_BODY = YES;
				CLANG_WARN_ENUM_CONVERSION = YES;
				CLANG_WARN_INFINITE_RECURSION = YES;
				CLANG_WARN_INT_CONVERSION = YES;
				CLANG_WARN_NON_LITERAL_NULL_CONVERSION = YES;
				CLANG_WARN_OBJC_IMPLICIT_RETAIN_SELF = YES;
				CLANG_WARN_OBJC_LITERAL_CONVERSION = YES;
				CLANG_WARN_OBJC_ROOT_CLASS = YES_ERROR;
				CLANG_WARN_QUOTED_INCLUDE_IN_FRAMEWORK_HEADER = YES;
				CLANG_WARN_RANGE_LOOP_ANALYSIS = YES;
				CLANG_WARN_STRICT_PROTOTYPES = YES;
				CLANG_WARN_SUSPICIOUS_MOVE = YES;
				CLANG_WARN_UNGUARDED_AVAILABILITY = YES_AGGRESSIVE;
				CLANG_WARN_UNREACHABLE_CODE = YES;
				CLANG_WARN__DUPLICATE_METHOD_MATCH = YES;
				COPY_PHASE_STRIP = NO;
				DEBUG_INFORMATION_FORMAT = dwarf;
				ENABLE_STRICT_OBJC_MSGSEND = YES;
				ENABLE_TESTABILITY = YES;
				ENABLE_USER_SCRIPT_SANDBOXING = YES;
				GCC_C_LANGUAGE_STANDARD = gnu17;
				GCC_DYNAMIC_NO_PIC = NO;
				GCC_NO_COMMON_BLOCKS = YES;
				GCC_OPTIMIZATION_LEVEL = 0;
				GCC_PREPROCESSOR_DEFINITIONS = (
					"DEBUG=1",
					"$(inherited)",
				);
				GCC_WARN_64_TO_32_BIT_CONVERSION = YES;
				GCC_WARN_ABOUT_RETURN_TYPE = YES_ERROR;
				GCC_WARN_UNDECLARED_SELECTOR = YES;
				GCC_WARN_UNINITIALIZED_AUTOS = YES_AGGRESSIVE;
				GCC_WARN_UNUSED_FUNCTION = YES;
				GCC_WARN_UNUSED_VARIABLE = YES;
				LOCALIZATION_PREFERS_STRING_CATALOGS = YES;
				MACOSX_DEPLOYMENT_TARGET = 14.4;
				MTL_ENABLE_DEBUG_INFO = INCLUDE_SOURCE;
				MTL_FAST_MATH = YES;
				ONLY_ACTIVE_ARCH = YES;
				SDKROOT = macosx;
				SWIFT_ACTIVE_COMPILATION_CONDITIONS = "DEBUG $(inherited)";
				SWIFT_OPTIMIZATION_LEVEL = "-Onone";
			};
			name = Debug;
		};
		3CBC8BE02BFD08A0000AA72C /* Release */ = {
			isa = XCBuildConfiguration;
			buildSettings = {
				ALWAYS_SEARCH_USER_PATHS = NO;
				ASSETCATALOG_COMPILER_GENERATE_SWIFT_ASSET_SYMBOL_EXTENSIONS = YES;
				CLANG_ANALYZER_NONNULL = YES;
				CLANG_ANALYZER_NUMBER_OBJECT_CONVERSION = YES_AGGRESSIVE;
				CLANG_CXX_LANGUAGE_STANDARD = "gnu++20";
				CLANG_ENABLE_MODULES = YES;
				CLANG_ENABLE_OBJC_ARC = YES;
				CLANG_ENABLE_OBJC_WEAK = YES;
				CLANG_WARN_BLOCK_CAPTURE_AUTORELEASING = YES;
				CLANG_WARN_BOOL_CONVERSION = YES;
				CLANG_WARN_COMMA = YES;
				CLANG_WARN_CONSTANT_CONVERSION = YES;
				CLANG_WARN_DEPRECATED_OBJC_IMPLEMENTATIONS = YES;
				CLANG_WARN_DIRECT_OBJC_ISA_USAGE = YES_ERROR;
				CLANG_WARN_DOCUMENTATION_COMMENTS = YES;
				CLANG_WARN_EMPTY_BODY = YES;
				CLANG_WARN_ENUM_CONVERSION = YES;
				CLANG_WARN_INFINITE_RECURSION = YES;
				CLANG_WARN_INT_CONVERSION = YES;
				CLANG_WARN_NON_LITERAL_NULL_CONVERSION = YES;
				CLANG_WARN_OBJC_IMPLICIT_RETAIN_SELF = YES;
				CLANG_WARN_OBJC_LITERAL_CONVERSION = YES;
				CLANG_WARN_OBJC_ROOT_CLASS = YES_ERROR;
				CLANG_WARN_QUOTED_INCLUDE_IN_FRAMEWORK_HEADER = YES;
				CLANG_WARN_RANGE_LOOP_ANALYSIS = YES;
				CLANG_WARN_STRICT_PROTOTYPES = YES;
				CLANG_WARN_SUSPICIOUS_MOVE = YES;
				CLANG_WARN_UNGUARDED_AVAILABILITY = YES_AGGRESSIVE;
				CLANG_WARN_UNREACHABLE_CODE = YES;
				CLANG_WARN__DUPLICATE_METHOD_MATCH = YES;
				COPY_PHASE_STRIP = NO;
				DEBUG_INFORMATION_FORMAT = "dwarf-with-dsym";
				ENABLE_NS_ASSERTIONS = NO;
				ENABLE_STRICT_OBJC_MSGSEND = YES;
				ENABLE_USER_SCRIPT_SANDBOXING = YES;
				GCC_C_LANGUAGE_STANDARD = gnu17;
				GCC_NO_COMMON_BLOCKS = YES;
				GCC_WARN_64_TO_32_BIT_CONVERSION = YES;
				GCC_WARN_ABOUT_RETURN_TYPE = YES_ERROR;
				GCC_WARN_UNDECLARED_SELECTOR = YES;
				GCC_WARN_UNINITIALIZED_AUTOS = YES_AGGRESSIVE;
				GCC_WARN_UNUSED_FUNCTION = YES;
				GCC_WARN_UNUSED_VARIABLE = YES;
				LOCALIZATION_PREFERS_STRING_CATALOGS = YES;
				MACOSX_DEPLOYMENT_TARGET = 14.4;
				MTL_ENABLE_DEBUG_INFO = NO;
				MTL_FAST_MATH = YES;
				SDKROOT = macosx;
				SWIFT_COMPILATION_MODE = wholemodule;
			};
			name = Release;
		};
		3CBC8BE22BFD08A0000AA72C /* Debug */ = {
			isa = XCBuildConfiguration;
			buildSettings = {
				CODE_SIGN_STYLE = Automatic;
				PRODUCT_NAME = "$(TARGET_NAME)";
				SWIFT_VERSION = 5.0;
			};
			name = Debug;
		};
		3CBC8BE32BFD08A0000AA72C /* Release */ = {
			isa = XCBuildConfiguration;
			buildSettings = {
				CODE_SIGN_STYLE = Automatic;
				PRODUCT_NAME = "$(TARGET_NAME)";
				SWIFT_VERSION = 5.0;
			};
			name = Release;
		};
/* End XCBuildConfiguration section */

/* Begin XCConfigurationList section */
		3CBC8BD52BFD08A0000AA72C /* Build configuration list for PBXProject "SheungKit_Citizenship" */ = {
			isa = XCConfigurationList;
			buildConfigurations = (
				3CBC8BDF2BFD08A0000AA72C /* Debug */,
				3CBC8BE02BFD08A0000AA72C /* Release */,
			);
			defaultConfigurationIsVisible = 0;
			defaultConfigurationName = Release;
		};
		3CBC8BE12BFD08A0000AA72C /* Build configuration list for PBXNativeTarget "SheungKit_Citizenship" */ = {
			isa = XCConfigurationList;
			buildConfigurations = (
				3CBC8BE22BFD08A0000AA72C /* Debug */,
				3CBC8BE32BFD08A0000AA72C /* Release */,
			);
			defaultConfigurationIsVisible = 0;
			defaultConfigurationName = Release;
		};
/* End XCConfigurationList section */
	};
	rootObject = 3CBC8BD22BFD08A0000AA72C /* Project object */;
}
